
Microsoft Visual Studio Solution File, Format Version 12.00
Project("{FAE04EC0-301F-11D3-BF4B-00C04F79EFBC}") = "EasyJob.API", "EasyJob.API\EasyJob.API.csproj", "{0665AFDD-1BA5-488C-8737-9D8DCAE9ED2D}"
EndProject
Project("{2150E333-8FDC-42A3-9474-1A3956D46DE8}") = "src", "src", "{DCC9CE8F-424C-47FC-A484-29AA490DCC02}"
EndProject
Project("{2150E333-8FDC-42A3-9474-1A3956D46DE8}") = "API", "API", "{42071E4E-7483-4FB5-9A42-110ECB62083B}"
EndProject
Project("{2150E333-8FDC-42A3-9474-1A3956D46DE8}") = "Core", "Core", "{7E791640-2C5A-4A6D-99A4-944C1728C865}"
EndProject
Project("{2150E333-8FDC-42A3-9474-1A3956D46DE8}") = "Infrastructure", "Infrastructure", "{F9B1DBF4-6F9D-40CA-981F-8D6AA58BACD5}"
EndProject
Project("{FAE04EC0-301F-11D3-BF4B-00C04F79EFBC}") = "EasyJob.Application", "EasyJob.Application\EasyJob.Application.csproj", "{1DCB17D0-2C73-4130-89BC-053FACF872B1}"
EndProject
Project("{FAE04EC0-301F-11D3-BF4B-00C04F79EFBC}") = "EasyJob.Domain", "EasyJob.Domain\EasyJob.Domain.csproj", "{C24620A2-4A93-4DB2-871B-642768CD12DD}"
EndProject
Project("{FAE04EC0-301F-11D3-BF4B-00C04F79EFBC}") = "EasyJob.Infrastructure", "EasyJob.Infrastructure\EasyJob.Infrastructure.csproj", "{A4246906-302D-46E0-811C-49E2A2E392FB}"
EndProject
Project("{FAE04EC0-301F-11D3-BF4B-00C04F79EFBC}") = "EasyJob.Persistence", "EasyJob.Persistence\EasyJob.Persistence.csproj", "{56D8B522-6299-4C91-8D8C-C26B8B8E0BC4}"
EndProject
Project("{2150E333-8FDC-42A3-9474-1A3956D46DE8}") = "tests", "tests", "{89E0839E-6DFB-45DC-BA89-C3EC26A740AB}"
EndProject
Project("{FAE04EC0-301F-11D3-BF4B-00C04F79EFBC}") = "EasyJob.API.IntegrationTests", "EasyJob.API.IntegrationTests\EasyJob.API.IntegrationTests.csproj", "{3A0B2C84-05D7-4291-8B78-63C4E8808CF6}"
EndProject
Project("{FAE04EC0-301F-11D3-BF4B-00C04F79EFBC}") = "EasyJob.Application.UnitTests", "EasyJob.Application.UnitTests\EasyJob.Application.UnitTests.csproj", "{552EA06B-C60A-459F-B06B-652EE7BC81DF}"
EndProject
Project("{FAE04EC0-301F-11D3-BF4B-00C04F79EFBC}") = "EasyJob.Persistence.IntegrationTests", "EasyJob.Persistence.IntegrationTests\EasyJob.Persistence.IntegrationTests.csproj", "{01832A7C-1D10-4402-805D-68115DD8B7A1}"
EndProject
Global
	GlobalSection(SolutionConfigurationPlatforms) = preSolution
		Debug|Any CPU = Debug|Any CPU
		Release|Any CPU = Release|Any CPU
	EndGlobalSection
	GlobalSection(ProjectConfigurationPlatforms) = postSolution
		{0665AFDD-1BA5-488C-8737-9D8DCAE9ED2D}.Debug|Any CPU.ActiveCfg = Debug|Any CPU
		{0665AFDD-1BA5-488C-8737-9D8DCAE9ED2D}.Debug|Any CPU.Build.0 = Debug|Any CPU
		{0665AFDD-1BA5-488C-8737-9D8DCAE9ED2D}.Release|Any CPU.ActiveCfg = Release|Any CPU
		{0665AFDD-1BA5-488C-8737-9D8DCAE9ED2D}.Release|Any CPU.Build.0 = Release|Any CPU
		{1DCB17D0-2C73-4130-89BC-053FACF872B1}.Debug|Any CPU.ActiveCfg = Debug|Any CPU
		{1DCB17D0-2C73-4130-89BC-053FACF872B1}.Debug|Any CPU.Build.0 = Debug|Any CPU
		{1DCB17D0-2C73-4130-89BC-053FACF872B1}.Release|Any CPU.ActiveCfg = Release|Any CPU
		{1DCB17D0-2C73-4130-89BC-053FACF872B1}.Release|Any CPU.Build.0 = Release|Any CPU
		{C24620A2-4A93-4DB2-871B-642768CD12DD}.Debug|Any CPU.ActiveCfg = Debug|Any CPU
		{C24620A2-4A93-4DB2-871B-642768CD12DD}.Debug|Any CPU.Build.0 = Debug|Any CPU
		{C24620A2-4A93-4DB2-871B-642768CD12DD}.Release|Any CPU.ActiveCfg = Release|Any CPU
		{C24620A2-4A93-4DB2-871B-642768CD12DD}.Release|Any CPU.Build.0 = Release|Any CPU
		{A4246906-302D-46E0-811C-49E2A2E392FB}.Debug|Any CPU.ActiveCfg = Debug|Any CPU
		{A4246906-302D-46E0-811C-49E2A2E392FB}.Debug|Any CPU.Build.0 = Debug|Any CPU
		{A4246906-302D-46E0-811C-49E2A2E392FB}.Release|Any CPU.ActiveCfg = Release|Any CPU
		{A4246906-302D-46E0-811C-49E2A2E392FB}.Release|Any CPU.Build.0 = Release|Any CPU
		{56D8B522-6299-4C91-8D8C-C26B8B8E0BC4}.Debug|Any CPU.ActiveCfg = Debug|Any CPU
		{56D8B522-6299-4C91-8D8C-C26B8B8E0BC4}.Debug|Any CPU.Build.0 = Debug|Any CPU
		{56D8B522-6299-4C91-8D8C-C26B8B8E0BC4}.Release|Any CPU.ActiveCfg = Release|Any CPU
		{56D8B522-6299-4C91-8D8C-C26B8B8E0BC4}.Release|Any CPU.Build.0 = Release|Any CPU
		{3A0B2C84-05D7-4291-8B78-63C4E8808CF6}.Debug|Any CPU.ActiveCfg = Debug|Any CPU
		{3A0B2C84-05D7-4291-8B78-63C4E8808CF6}.Debug|Any CPU.Build.0 = Debug|Any CPU
		{3A0B2C84-05D7-4291-8B78-63C4E8808CF6}.Release|Any CPU.ActiveCfg = Release|Any CPU
		{3A0B2C84-05D7-4291-8B78-63C4E8808CF6}.Release|Any CPU.Build.0 = Release|Any CPU
		{552EA06B-C60A-459F-B06B-652EE7BC81DF}.Debug|Any CPU.ActiveCfg = Debug|Any CPU
		{552EA06B-C60A-459F-B06B-652EE7BC81DF}.Debug|Any CPU.Build.0 = Debug|Any CPU
		{552EA06B-C60A-459F-B06B-652EE7BC81DF}.Release|Any CPU.ActiveCfg = Release|Any CPU
		{552EA06B-C60A-459F-B06B-652EE7BC81DF}.Release|Any CPU.Build.0 = Release|Any CPU
		{01832A7C-1D10-4402-805D-68115DD8B7A1}.Debug|Any CPU.ActiveCfg = Debug|Any CPU
		{01832A7C-1D10-4402-805D-68115DD8B7A1}.Debug|Any CPU.Build.0 = Debug|Any CPU
		{01832A7C-1D10-4402-805D-68115DD8B7A1}.Release|Any CPU.ActiveCfg = Release|Any CPU
		{01832A7C-1D10-4402-805D-68115DD8B7A1}.Release|Any CPU.Build.0 = Release|Any CPU
	EndGlobalSection
	GlobalSection(NestedProjects) = preSolution
		{42071E4E-7483-4FB5-9A42-110ECB62083B} = {DCC9CE8F-424C-47FC-A484-29AA490DCC02}
		{7E791640-2C5A-4A6D-99A4-944C1728C865} = {DCC9CE8F-424C-47FC-A484-29AA490DCC02}
		{F9B1DBF4-6F9D-40CA-981F-8D6AA58BACD5} = {DCC9CE8F-424C-47FC-A484-29AA490DCC02}
		{0665AFDD-1BA5-488C-8737-9D8DCAE9ED2D} = {42071E4E-7483-4FB5-9A42-110ECB62083B}
		{1DCB17D0-2C73-4130-89BC-053FACF872B1} = {7E791640-2C5A-4A6D-99A4-944C1728C865}
		{C24620A2-4A93-4DB2-871B-642768CD12DD} = {7E791640-2C5A-4A6D-99A4-944C1728C865}
		{A4246906-302D-46E0-811C-49E2A2E392FB} = {F9B1DBF4-6F9D-40CA-981F-8D6AA58BACD5}
		{56D8B522-6299-4C91-8D8C-C26B8B8E0BC4} = {F9B1DBF4-6F9D-40CA-981F-8D6AA58BACD5}
		{3A0B2C84-05D7-4291-8B78-63C4E8808CF6} = {89E0839E-6DFB-45DC-BA89-C3EC26A740AB}
		{552EA06B-C60A-459F-B06B-652EE7BC81DF} = {89E0839E-6DFB-45DC-BA89-C3EC26A740AB}
		{01832A7C-1D10-4402-805D-68115DD8B7A1} = {89E0839E-6DFB-45DC-BA89-C3EC26A740AB}
	EndGlobalSection
EndGlobal
