
Microsoft Visual Studio Solution File, Format Version 12.00
Project("{FAE04EC0-301F-11D3-BF4B-00C04F79EFBC}") = "EasyJob.API", "EasyJob.API\EasyJob.API.csproj", "{0665AFDD-1BA5-488C-8737-9D8DCAE9ED2D}"
EndProject
Project("{FAE04EC0-301F-11D3-BF4B-00C04F79EFBC}") = "EasyJob.BusinessLayer", "EasyJob.BusinessLayer\EasyJob.BusinessLayer.csproj", "{DBB5532B-4568-467D-A0AA-3AAC4FD3BA09}"
EndProject
Project("{FAE04EC0-301F-11D3-BF4B-00C04F79EFBC}") = "EasyJob.DataLayer", "EasyJob.DataLayer\EasyJob.DataLayer.csproj", "{EBDE5094-9CDD-4921-A15C-2C9ED4A73D1B}"
EndProject
Global
	GlobalSection(SolutionConfigurationPlatforms) = preSolution
		Debug|Any CPU = Debug|Any CPU
		Release|Any CPU = Release|Any CPU
	EndGlobalSection
	GlobalSection(ProjectConfigurationPlatforms) = postSolution
		{0665AFDD-1BA5-488C-8737-9D8DCAE9ED2D}.Debug|Any CPU.ActiveCfg = Debug|Any CPU
		{0665AFDD-1BA5-488C-8737-9D8DCAE9ED2D}.Debug|Any CPU.Build.0 = Debug|Any CPU
		{0665AFDD-1BA5-488C-8737-9D8DCAE9ED2D}.Release|Any CPU.ActiveCfg = Release|Any CPU
		{0665AFDD-1BA5-488C-8737-9D8DCAE9ED2D}.Release|Any CPU.Build.0 = Release|Any CPU
		{DBB5532B-4568-467D-A0AA-3AAC4FD3BA09}.Debug|Any CPU.ActiveCfg = Debug|Any CPU
		{DBB5532B-4568-467D-A0AA-3AAC4FD3BA09}.Debug|Any CPU.Build.0 = Debug|Any CPU
		{DBB5532B-4568-467D-A0AA-3AAC4FD3BA09}.Release|Any CPU.ActiveCfg = Release|Any CPU
		{DBB5532B-4568-467D-A0AA-3AAC4FD3BA09}.Release|Any CPU.Build.0 = Release|Any CPU
		{EBDE5094-9CDD-4921-A15C-2C9ED4A73D1B}.Debug|Any CPU.ActiveCfg = Debug|Any CPU
		{EBDE5094-9CDD-4921-A15C-2C9ED4A73D1B}.Debug|Any CPU.Build.0 = Debug|Any CPU
		{EBDE5094-9CDD-4921-A15C-2C9ED4A73D1B}.Release|Any CPU.ActiveCfg = Release|Any CPU
		{EBDE5094-9CDD-4921-A15C-2C9ED4A73D1B}.Release|Any CPU.Build.0 = Release|Any CPU
	EndGlobalSection
EndGlobal
